// !$*UTF8*$!
{
	archiveVersion = 1;
	classes = {
	};
	objectVersion = 55;
	objects = {

/* Begin PBXBuildFile section */
		343D44F11FADB7D8C0D57529 /* Pods_Views.framework in Frameworks */ = {isa = PBXBuildFile; fileRef = C50951AEA8581C6F812AC8D2 /* Pods_Views.framework */; };
		EF7D893E278C7EDD0002447D /* AppDelegate.swift in Sources */ = {isa = PBXBuildFile; fileRef = EF7D893D278C7EDD0002447D /* AppDelegate.swift */; };
		EF7D8940278C7EDD0002447D /* SceneDelegate.swift in Sources */ = {isa = PBXBuildFile; fileRef = EF7D893F278C7EDD0002447D /* SceneDelegate.swift */; };
		EF7D8945278C7EDD0002447D /* Main.storyboard in Resources */ = {isa = PBXBuildFile; fileRef = EF7D8943278C7EDD0002447D /* Main.storyboard */; };
		EF7D8947278C7EE00002447D /* Assets.xcassets in Resources */ = {isa = PBXBuildFile; fileRef = EF7D8946278C7EE00002447D /* Assets.xcassets */; };
		EF7D894A278C7EE00002447D /* LaunchScreen.storyboard in Resources */ = {isa = PBXBuildFile; fileRef = EF7D8948278C7EE00002447D /* LaunchScreen.storyboard */; };
		EFD45DDB27900A870069BF95 /* Constants.swift in Sources */ = {isa = PBXBuildFile; fileRef = EFD45DDA27900A870069BF95 /* Constants.swift */; };
		EFD45DE027900B380069BF95 /* MainViewController.swift in Sources */ = {isa = PBXBuildFile; fileRef = EFD45DDF27900B380069BF95 /* MainViewController.swift */; };
		EFD45DE227900B710069BF95 /* LoginViewController.swift in Sources */ = {isa = PBXBuildFile; fileRef = EFD45DE127900B710069BF95 /* LoginViewController.swift */; };
		EFD45DEF27901A6E0069BF95 /* GoogleService-Info.plist in Resources */ = {isa = PBXBuildFile; fileRef = EFD45DEE27901A6E0069BF95 /* GoogleService-Info.plist */; };
		EFD45DF227902A940069BF95 /* ContentCell.swift in Sources */ = {isa = PBXBuildFile; fileRef = EFD45DF027902A940069BF95 /* ContentCell.swift */; };
		EFD45DF327902A940069BF95 /* ContentCell.xib in Resources */ = {isa = PBXBuildFile; fileRef = EFD45DF127902A940069BF95 /* ContentCell.xib */; };
		EFD45DF5279051D80069BF95 /* Content.swift in Sources */ = {isa = PBXBuildFile; fileRef = EFD45DF4279051D80069BF95 /* Content.swift */; };
/* End PBXBuildFile section */

/* Begin PBXFileReference section */
		0E0ECC7BA8F4B590E41BF6BE /* Pods-Views.debug.xcconfig */ = {isa = PBXFileReference; includeInIndex = 1; lastKnownFileType = text.xcconfig; name = "Pods-Views.debug.xcconfig"; path = "Target Support Files/Pods-Views/Pods-Views.debug.xcconfig"; sourceTree = "<group>"; };
		B53FE56D86EAF0298ED9467C /* Pods-Views.release.xcconfig */ = {isa = PBXFileReference; includeInIndex = 1; lastKnownFileType = text.xcconfig; name = "Pods-Views.release.xcconfig"; path = "Target Support Files/Pods-Views/Pods-Views.release.xcconfig"; sourceTree = "<group>"; };
		C50951AEA8581C6F812AC8D2 /* Pods_Views.framework */ = {isa = PBXFileReference; explicitFileType = wrapper.framework; includeInIndex = 0; path = Pods_Views.framework; sourceTree = BUILT_PRODUCTS_DIR; };
		EF7D893A278C7EDD0002447D /* Views.app */ = {isa = PBXFileReference; explicitFileType = wrapper.application; includeInIndex = 0; path = Views.app; sourceTree = BUILT_PRODUCTS_DIR; };
		EF7D893D278C7EDD0002447D /* AppDelegate.swift */ = {isa = PBXFileReference; lastKnownFileType = sourcecode.swift; path = AppDelegate.swift; sourceTree = "<group>"; };
		EF7D893F278C7EDD0002447D /* SceneDelegate.swift */ = {isa = PBXFileReference; lastKnownFileType = sourcecode.swift; path = SceneDelegate.swift; sourceTree = "<group>"; };
		EF7D8944278C7EDD0002447D /* Base */ = {isa = PBXFileReference; lastKnownFileType = file.storyboard; name = Base; path = Base.lproj/Main.storyboard; sourceTree = "<group>"; };
		EF7D8946278C7EE00002447D /* Assets.xcassets */ = {isa = PBXFileReference; lastKnownFileType = folder.assetcatalog; path = Assets.xcassets; sourceTree = "<group>"; };
		EF7D8949278C7EE00002447D /* Base */ = {isa = PBXFileReference; lastKnownFileType = file.storyboard; name = Base; path = Base.lproj/LaunchScreen.storyboard; sourceTree = "<group>"; };
		EF7D894B278C7EE00002447D /* Info.plist */ = {isa = PBXFileReference; lastKnownFileType = text.plist.xml; path = Info.plist; sourceTree = "<group>"; };
		EFD45DDA27900A870069BF95 /* Constants.swift */ = {isa = PBXFileReference; lastKnownFileType = sourcecode.swift; path = Constants.swift; sourceTree = "<group>"; };
		EFD45DDF27900B380069BF95 /* MainViewController.swift */ = {isa = PBXFileReference; lastKnownFileType = sourcecode.swift; path = MainViewController.swift; sourceTree = "<group>"; };
		EFD45DE127900B710069BF95 /* LoginViewController.swift */ = {isa = PBXFileReference; lastKnownFileType = sourcecode.swift; path = LoginViewController.swift; sourceTree = "<group>"; };
		EFD45DEE27901A6E0069BF95 /* GoogleService-Info.plist */ = {isa = PBXFileReference; fileEncoding = 4; lastKnownFileType = text.plist.xml; path = "GoogleService-Info.plist"; sourceTree = "<group>"; };
		EFD45DF027902A940069BF95 /* ContentCell.swift */ = {isa = PBXFileReference; lastKnownFileType = sourcecode.swift; path = ContentCell.swift; sourceTree = "<group>"; };
		EFD45DF127902A940069BF95 /* ContentCell.xib */ = {isa = PBXFileReference; lastKnownFileType = file.xib; path = ContentCell.xib; sourceTree = "<group>"; };
		EFD45DF4279051D80069BF95 /* Content.swift */ = {isa = PBXFileReference; lastKnownFileType = sourcecode.swift; path = Content.swift; sourceTree = "<group>"; };
/* End PBXFileReference section */

/* Begin PBXFrameworksBuildPhase section */
		EF7D8937278C7EDD0002447D /* Frameworks */ = {
			isa = PBXFrameworksBuildPhase;
			buildActionMask = 2147483647;
			files = (
				343D44F11FADB7D8C0D57529 /* Pods_Views.framework in Frameworks */,
			);
			runOnlyForDeploymentPostprocessing = 0;
		};
/* End PBXFrameworksBuildPhase section */

/* Begin PBXGroup section */
		442DE1FEBC70448E1453FF32 /* Frameworks */ = {
			isa = PBXGroup;
			children = (
				C50951AEA8581C6F812AC8D2 /* Pods_Views.framework */,
			);
			name = Frameworks;
			sourceTree = "<group>";
		};
		506B7C3A6EC129908FD48C96 /* Pods */ = {
			isa = PBXGroup;
			children = (
				0E0ECC7BA8F4B590E41BF6BE /* Pods-Views.debug.xcconfig */,
				B53FE56D86EAF0298ED9467C /* Pods-Views.release.xcconfig */,
			);
			path = Pods;
			sourceTree = "<group>";
		};
		EF7D8931278C7EDD0002447D = {
			isa = PBXGroup;
			children = (
				EF7D893C278C7EDD0002447D /* Views */,
				EF7D893B278C7EDD0002447D /* Products */,
				506B7C3A6EC129908FD48C96 /* Pods */,
				442DE1FEBC70448E1453FF32 /* Frameworks */,
			);
			sourceTree = "<group>";
		};
		EF7D893B278C7EDD0002447D /* Products */ = {
			isa = PBXGroup;
			children = (
				EF7D893A278C7EDD0002447D /* Views.app */,
			);
			name = Products;
			sourceTree = "<group>";
		};
		EF7D893C278C7EDD0002447D /* Views */ = {
			isa = PBXGroup;
			children = (
				EF7D893D278C7EDD0002447D /* AppDelegate.swift */,
				EF7D893F278C7EDD0002447D /* SceneDelegate.swift */,
				EFD45DDA27900A870069BF95 /* Constants.swift */,
				EFD45DF6279051E10069BF95 /* Model */,
				EFD45DDC27900AB00069BF95 /* View */,
				EFD45DDD27900AB60069BF95 /* Controller */,
				EF7D8946278C7EE00002447D /* Assets.xcassets */,
				EF7D8948278C7EE00002447D /* LaunchScreen.storyboard */,
				EFD45DEE27901A6E0069BF95 /* GoogleService-Info.plist */,
				EF7D894B278C7EE00002447D /* Info.plist */,
				EFD45DDE27900ABD0069BF95 /* Constants */,
			);
			path = Views;
			sourceTree = "<group>";
		};
		EFD45DDC27900AB00069BF95 /* View */ = {
			isa = PBXGroup;
			children = (
				EF7D8943278C7EDD0002447D /* Main.storyboard */,
				EFD45DF027902A940069BF95 /* ContentCell.swift */,
				EFD45DF127902A940069BF95 /* ContentCell.xib */,
			);
			path = View;
			sourceTree = "<group>";
		};
		EFD45DDD27900AB60069BF95 /* Controller */ = {
			isa = PBXGroup;
			children = (
				EFD45DDF27900B380069BF95 /* MainViewController.swift */,
				EFD45DE127900B710069BF95 /* LoginViewController.swift */,
			);
			path = Controller;
			sourceTree = "<group>";
		};
		EFD45DDE27900ABD0069BF95 /* Constants */ = {
			isa = PBXGroup;
			children = (
			);
			path = Constants;
			sourceTree = "<group>";
		};
		EFD45DF6279051E10069BF95 /* Model */ = {
			isa = PBXGroup;
			children = (
				EFD45DF4279051D80069BF95 /* Content.swift */,
			);
			path = Model;
			sourceTree = "<group>";
		};
/* End PBXGroup section */

/* Begin PBXNativeTarget section */
		EF7D8939278C7EDD0002447D /* Views */ = {
			isa = PBXNativeTarget;
			buildConfigurationList = EF7D894E278C7EE00002447D /* Build configuration list for PBXNativeTarget "Views" */;
			buildPhases = (
				9BA9630B3F301716827B842C /* [CP] Check Pods Manifest.lock */,
				EF7D8936278C7EDD0002447D /* Sources */,
				EF7D8937278C7EDD0002447D /* Frameworks */,
				EF7D8938278C7EDD0002447D /* Resources */,
				5C175C062D0F65898BFC4EEA /* [CP] Embed Pods Frameworks */,
			);
			buildRules = (
			);
			dependencies = (
			);
			name = Views;
			productName = Views;
			productReference = EF7D893A278C7EDD0002447D /* Views.app */;
			productType = "com.apple.product-type.application";
		};
/* End PBXNativeTarget section */

/* Begin PBXProject section */
		EF7D8932278C7EDD0002447D /* Project object */ = {
			isa = PBXProject;
			attributes = {
				BuildIndependentTargetsInParallel = 1;
				LastSwiftUpdateCheck = 1320;
				LastUpgradeCheck = 1320;
				TargetAttributes = {
					EF7D8939278C7EDD0002447D = {
						CreatedOnToolsVersion = 13.2.1;
					};
				};
			};
			buildConfigurationList = EF7D8935278C7EDD0002447D /* Build configuration list for PBXProject "Views" */;
			compatibilityVersion = "Xcode 13.0";
			developmentRegion = en;
			hasScannedForEncodings = 0;
			knownRegions = (
				en,
				Base,
			);
			mainGroup = EF7D8931278C7EDD0002447D;
			productRefGroup = EF7D893B278C7EDD0002447D /* Products */;
			projectDirPath = "";
			projectRoot = "";
			targets = (
				EF7D8939278C7EDD0002447D /* Views */,
			);
		};
/* End PBXProject section */

/* Begin PBXResourcesBuildPhase section */
		EF7D8938278C7EDD0002447D /* Resources */ = {
			isa = PBXResourcesBuildPhase;
			buildActionMask = 2147483647;
			files = (
				EF7D894A278C7EE00002447D /* LaunchScreen.storyboard in Resources */,
				EFD45DF327902A940069BF95 /* ContentCell.xib in Resources */,
				EFD45DEF27901A6E0069BF95 /* GoogleService-Info.plist in Resources */,
				EF7D8947278C7EE00002447D /* Assets.xcassets in Resources */,
				EF7D8945278C7EDD0002447D /* Main.storyboard in Resources */,
			);
			runOnlyForDeploymentPostprocessing = 0;
		};
/* End PBXResourcesBuildPhase section */

/* Begin PBXShellScriptBuildPhase section */
		5C175C062D0F65898BFC4EEA /* [CP] Embed Pods Frameworks */ = {
			isa = PBXShellScriptBuildPhase;
			buildActionMask = 2147483647;
			files = (
			);
			inputFileListPaths = (
				"${PODS_ROOT}/Target Support Files/Pods-Views/Pods-Views-frameworks-${CONFIGURATION}-input-files.xcfilelist",
			);
			name = "[CP] Embed Pods Frameworks";
			outputFileListPaths = (
				"${PODS_ROOT}/Target Support Files/Pods-Views/Pods-Views-frameworks-${CONFIGURATION}-output-files.xcfilelist",
			);
			runOnlyForDeploymentPostprocessing = 0;
			shellPath = /bin/sh;
			shellScript = "\"${PODS_ROOT}/Target Support Files/Pods-Views/Pods-Views-frameworks.sh\"\n";
			showEnvVarsInLog = 0;
		};
		9BA9630B3F301716827B842C /* [CP] Check Pods Manifest.lock */ = {
			isa = PBXShellScriptBuildPhase;
			buildActionMask = 2147483647;
			files = (
			);
			inputFileListPaths = (
			);
			inputPaths = (
				"${PODS_PODFILE_DIR_PATH}/Podfile.lock",
				"${PODS_ROOT}/Manifest.lock",
			);
			name = "[CP] Check Pods Manifest.lock";
			outputFileListPaths = (
			);
			outputPaths = (
				"$(DERIVED_FILE_DIR)/Pods-Views-checkManifestLockResult.txt",
			);
			runOnlyForDeploymentPostprocessing = 0;
			shellPath = /bin/sh;
			shellScript = "diff \"${PODS_PODFILE_DIR_PATH}/Podfile.lock\" \"${PODS_ROOT}/Manifest.lock\" > /dev/null\nif [ $? != 0 ] ; then\n    # print error to STDERR\n    echo \"error: The sandbox is not in sync with the Podfile.lock. Run 'pod install' or update your CocoaPods installation.\" >&2\n    exit 1\nfi\n# This output is used by Xcode 'outputs' to avoid re-running this script phase.\necho \"SUCCESS\" > \"${SCRIPT_OUTPUT_FILE_0}\"\n";
			showEnvVarsInLog = 0;
		};
/* End PBXShellScriptBuildPhase section */

/* Begin PBXSourcesBuildPhase section */
		EF7D8936278C7EDD0002447D /* Sources */ = {
			isa = PBXSourcesBuildPhase;
			buildActionMask = 2147483647;
			files = (
				EFD45DE227900B710069BF95 /* LoginViewController.swift in Sources */,
				EF7D893E278C7EDD0002447D /* AppDelegate.swift in Sources */,
				EFD45DF5279051D80069BF95 /* Content.swift in Sources */,
				EF7D8940278C7EDD0002447D /* SceneDelegate.swift in Sources */,
				EFD45DF227902A940069BF95 /* ContentCell.swift in Sources */,
				EFD45DDB27900A870069BF95 /* Constants.swift in Sources */,
				EFD45DE027900B380069BF95 /* MainViewController.swift in Sources */,
			);
			runOnlyForDeploymentPostprocessing = 0;
		};
/* End PBXSourcesBuildPhase section */

/* Begin PBXVariantGroup section */
		EF7D8943278C7EDD0002447D /* Main.storyboard */ = {
			isa = PBXVariantGroup;
			children = (
				EF7D8944278C7EDD0002447D /* Base */,
			);
			name = Main.storyboard;
			sourceTree = "<group>";
		};
		EF7D8948278C7EE00002447D /* LaunchScreen.storyboard */ = {
			isa = PBXVariantGroup;
			children = (
				EF7D8949278C7EE00002447D /* Base */,
			);
			name = LaunchScreen.storyboard;
			sourceTree = "<group>";
		};
/* End PBXVariantGroup section */

/* Begin XCBuildConfiguration section */
		EF7D894C278C7EE00002447D /* Debug */ = {
			isa = XCBuildConfiguration;
			buildSettings = {
				ALWAYS_SEARCH_USER_PATHS = NO;
				CLANG_ANALYZER_NONNULL = YES;
				CLANG_ANALYZER_NUMBER_OBJECT_CONVERSION = YES_AGGRESSIVE;
				CLANG_CXX_LANGUAGE_STANDARD = "gnu++17";
				CLANG_CXX_LIBRARY = "libc++";
				CLANG_ENABLE_MODULES = YES;
				CLANG_ENABLE_OBJC_ARC = YES;
				CLANG_ENABLE_OBJC_WEAK = YES;
				CLANG_WARN_BLOCK_CAPTURE_AUTORELEASING = YES;
				CLANG_WARN_BOOL_CONVERSION = YES;
				CLANG_WARN_COMMA = YES;
				CLANG_WARN_CONSTANT_CONVERSION = YES;
				CLANG_WARN_DEPRECATED_OBJC_IMPLEMENTATIONS = YES;
				CLANG_WARN_DIRECT_OBJC_ISA_USAGE = YES_ERROR;
				CLANG_WARN_DOCUMENTATION_COMMENTS = YES;
				CLANG_WARN_EMPTY_BODY = YES;
				CLANG_WARN_ENUM_CONVERSION = YES;
				CLANG_WARN_INFINITE_RECURSION = YES;
				CLANG_WARN_INT_CONVERSION = YES;
				CLANG_WARN_NON_LITERAL_NULL_CONVERSION = YES;
				CLANG_WARN_OBJC_IMPLICIT_RETAIN_SELF = YES;
				CLANG_WARN_OBJC_LITERAL_CONVERSION = YES;
				CLANG_WARN_OBJC_ROOT_CLASS = YES_ERROR;
				CLANG_WARN_QUOTED_INCLUDE_IN_FRAMEWORK_HEADER = YES;
				CLANG_WARN_RANGE_LOOP_ANALYSIS = YES;
				CLANG_WARN_STRICT_PROTOTYPES = YES;
				CLANG_WARN_SUSPICIOUS_MOVE = YES;
				CLANG_WARN_UNGUARDED_AVAILABILITY = YES_AGGRESSIVE;
				CLANG_WARN_UNREACHABLE_CODE = YES;
				CLANG_WARN__DUPLICATE_METHOD_MATCH = YES;
				COPY_PHASE_STRIP = NO;
				DEBUG_INFORMATION_FORMAT = dwarf;
				ENABLE_STRICT_OBJC_MSGSEND = YES;
				ENABLE_TESTABILITY = YES;
				GCC_C_LANGUAGE_STANDARD = gnu11;
				GCC_DYNAMIC_NO_PIC = NO;
				GCC_NO_COMMON_BLOCKS = YES;
				GCC_OPTIMIZATION_LEVEL = 0;
				GCC_PREPROCESSOR_DEFINITIONS = (
					"DEBUG=1",
					"$(inherited)",
				);
				GCC_WARN_64_TO_32_BIT_CONVERSION = YES;
				GCC_WARN_ABOUT_RETURN_TYPE = YES_ERROR;
				GCC_WARN_UNDECLARED_SELECTOR = YES;
				GCC_WARN_UNINITIALIZED_AUTOS = YES_AGGRESSIVE;
				GCC_WARN_UNUSED_FUNCTION = YES;
				GCC_WARN_UNUSED_VARIABLE = YES;
				IPHONEOS_DEPLOYMENT_TARGET = 15.2;
				MTL_ENABLE_DEBUG_INFO = INCLUDE_SOURCE;
				MTL_FAST_MATH = YES;
				ONLY_ACTIVE_ARCH = YES;
				SDKROOT = iphoneos;
				SWIFT_ACTIVE_COMPILATION_CONDITIONS = DEBUG;
				SWIFT_OPTIMIZATION_LEVEL = "-Onone";
			};
			name = Debug;
		};
		EF7D894D278C7EE00002447D /* Release */ = {
			isa = XCBuildConfiguration;
			buildSettings = {
				ALWAYS_SEARCH_USER_PATHS = NO;
				CLANG_ANALYZER_NONNULL = YES;
				CLANG_ANALYZER_NUMBER_OBJECT_CONVERSION = YES_AGGRESSIVE;
				CLANG_CXX_LANGUAGE_STANDARD = "gnu++17";
				CLANG_CXX_LIBRARY = "libc++";
				CLANG_ENABLE_MODULES = YES;
				CLANG_ENABLE_OBJC_ARC = YES;
				CLANG_ENABLE_OBJC_WEAK = YES;
				CLANG_WARN_BLOCK_CAPTURE_AUTORELEASING = YES;
				CLANG_WARN_BOOL_CONVERSION = YES;
				CLANG_WARN_COMMA = YES;
				CLANG_WARN_CONSTANT_CONVERSION = YES;
				CLANG_WARN_DEPRECATED_OBJC_IMPLEMENTATIONS = YES;
				CLANG_WARN_DIRECT_OBJC_ISA_USAGE = YES_ERROR;
				CLANG_WARN_DOCUMENTATION_COMMENTS = YES;
				CLANG_WARN_EMPTY_BODY = YES;
				CLANG_WARN_ENUM_CONVERSION = YES;
				CLANG_WARN_INFINITE_RECURSION = YES;
				CLANG_WARN_INT_CONVERSION = YES;
				CLANG_WARN_NON_LITERAL_NULL_CONVERSION = YES;
				CLANG_WARN_OBJC_IMPLICIT_RETAIN_SELF = YES;
				CLANG_WARN_OBJC_LITERAL_CONVERSION = YES;
				CLANG_WARN_OBJC_ROOT_CLASS = YES_ERROR;
				CLANG_WARN_QUOTED_INCLUDE_IN_FRAMEWORK_HEADER = YES;
				CLANG_WARN_RANGE_LOOP_ANALYSIS = YES;
				CLANG_WARN_STRICT_PROTOTYPES = YES;
				CLANG_WARN_SUSPICIOUS_MOVE = YES;
				CLANG_WARN_UNGUARDED_AVAILABILITY = YES_AGGRESSIVE;
				CLANG_WARN_UNREACHABLE_CODE = YES;
				CLANG_WARN__DUPLICATE_METHOD_MATCH = YES;
				COPY_PHASE_STRIP = NO;
				DEBUG_INFORMATION_FORMAT = "dwarf-with-dsym";
				ENABLE_NS_ASSERTIONS = NO;
				ENABLE_STRICT_OBJC_MSGSEND = YES;
				GCC_C_LANGUAGE_STANDARD = gnu11;
				GCC_NO_COMMON_BLOCKS = YES;
				GCC_WARN_64_TO_32_BIT_CONVERSION = YES;
				GCC_WARN_ABOUT_RETURN_TYPE = YES_ERROR;
				GCC_WARN_UNDECLARED_SELECTOR = YES;
				GCC_WARN_UNINITIALIZED_AUTOS = YES_AGGRESSIVE;
				GCC_WARN_UNUSED_FUNCTION = YES;
				GCC_WARN_UNUSED_VARIABLE = YES;
				IPHONEOS_DEPLOYMENT_TARGET = 15.2;
				MTL_ENABLE_DEBUG_INFO = NO;
				MTL_FAST_MATH = YES;
				SDKROOT = iphoneos;
				SWIFT_COMPILATION_MODE = wholemodule;
				SWIFT_OPTIMIZATION_LEVEL = "-O";
				VALIDATE_PRODUCT = YES;
			};
			name = Release;
		};
		EF7D894F278C7EE00002447D /* Debug */ = {
			isa = XCBuildConfiguration;
			baseConfigurationReference = 0E0ECC7BA8F4B590E41BF6BE /* Pods-Views.debug.xcconfig */;
			buildSettings = {
				ASSETCATALOG_COMPILER_APPICON_NAME = AppIcon;
				ASSETCATALOG_COMPILER_GLOBAL_ACCENT_COLOR_NAME = AccentColor;
				CODE_SIGN_STYLE = Automatic;
				CURRENT_PROJECT_VERSION = 1;
				DEVELOPMENT_TEAM = 4J25GM6FG4;
				GENERATE_INFOPLIST_FILE = YES;
				INFOPLIST_FILE = Views/Info.plist;
				INFOPLIST_KEY_UIApplicationSupportsIndirectInputEvents = YES;
				INFOPLIST_KEY_UILaunchStoryboardName = LaunchScreen;
				INFOPLIST_KEY_UIMainStoryboardFile = Main;
				INFOPLIST_KEY_UISupportedInterfaceOrientations_iPad = "UIInterfaceOrientationPortrait UIInterfaceOrientationPortraitUpsideDown UIInterfaceOrientationLandscapeLeft UIInterfaceOrientationLandscapeRight";
				INFOPLIST_KEY_UISupportedInterfaceOrientations_iPhone = "UIInterfaceOrientationPortrait UIInterfaceOrientationLandscapeLeft UIInterfaceOrientationLandscapeRight";
				LD_RUNPATH_SEARCH_PATHS = (
					"$(inherited)",
					"@executable_path/Frameworks",
				);
				MARKETING_VERSION = 1.0;
				PRODUCT_BUNDLE_IDENTIFIER = ozgunaksoy.Views;
				PRODUCT_NAME = "$(TARGET_NAME)";
				SWIFT_EMIT_LOC_STRINGS = YES;
				SWIFT_VERSION = 5.0;
				TARGETED_DEVICE_FAMILY = "1,2";
			};
			name = Debug;
		};
		EF7D8950278C7EE00002447D /* Release */ = {
			isa = XCBuildConfiguration;
			baseConfigurationReference = B53FE56D86EAF0298ED9467C /* Pods-Views.release.xcconfig */;
			buildSettings = {
				ASSETCATALOG_COMPILER_APPICON_NAME = AppIcon;
				ASSETCATALOG_COMPILER_GLOBAL_ACCENT_COLOR_NAME = AccentColor;
				CODE_SIGN_STYLE = Automatic;
				CURRENT_PROJECT_VERSION = 1;
				DEVELOPMENT_TEAM = 4J25GM6FG4;
				GENERATE_INFOPLIST_FILE = YES;
				INFOPLIST_FILE = Views/Info.plist;
				INFOPLIST_KEY_UIApplicationSupportsIndirectInputEvents = YES;
				INFOPLIST_KEY_UILaunchStoryboardName = LaunchScreen;
				INFOPLIST_KEY_UIMainStoryboardFile = Main;
				INFOPLIST_KEY_UISupportedInterfaceOrientations_iPad = "UIInterfaceOrientationPortrait UIInterfaceOrientationPortraitUpsideDown UIInterfaceOrientationLandscapeLeft UIInterfaceOrientationLandscapeRight";
				INFOPLIST_KEY_UISupportedInterfaceOrientations_iPhone = "UIInterfaceOrientationPortrait UIInterfaceOrientationLandscapeLeft UIInterfaceOrientationLandscapeRight";
				LD_RUNPATH_SEARCH_PATHS = (
					"$(inherited)",
					"@executable_path/Frameworks",
				);
				MARKETING_VERSION = 1.0;
				PRODUCT_BUNDLE_IDENTIFIER = ozgunaksoy.Views;
				PRODUCT_NAME = "$(TARGET_NAME)";
				SWIFT_EMIT_LOC_STRINGS = YES;
				SWIFT_VERSION = 5.0;
				TARGETED_DEVICE_FAMILY = "1,2";
			};
			name = Release;
		};
/* End XCBuildConfiguration section */

/* Begin XCConfigurationList section */
		EF7D8935278C7EDD0002447D /* Build configuration list for PBXProject "Views" */ = {
			isa = XCConfigurationList;
			buildConfigurations = (
				EF7D894C278C7EE00002447D /* Debug */,
				EF7D894D278C7EE00002447D /* Release */,
			);
			defaultConfigurationIsVisible = 0;
			defaultConfigurationName = Release;
		};
		EF7D894E278C7EE00002447D /* Build configuration list for PBXNativeTarget "Views" */ = {
			isa = XCConfigurationList;
			buildConfigurations = (
				EF7D894F278C7EE00002447D /* Debug */,
				EF7D8950278C7EE00002447D /* Release */,
			);
			defaultConfigurationIsVisible = 0;
			defaultConfigurationName = Release;
		};
/* End XCConfigurationList section */
	};
	rootObject = EF7D8932278C7EDD0002447D /* Project object */;
}
